
Microsoft Visual Studio Solution File, Format Version 12.00
# Visual Studio Version 17
VisualStudioVersion = 17.8.34511.84
MinimumVisualStudioVersion = 10.0.40219.1
Project("{FAE04EC0-301F-11D3-BF4B-00C04F79EFBC}") = "ATV7_CJ3022501", "ATV7_CJ3022501\ATV7_CJ3022501.csproj", "{2A1CE06D-35EE-4B1F-B1E1-64D80B888061}"
EndProject
Global
	GlobalSection(SolutionConfigurationPlatforms) = preSolution
		Debug|Any CPU = Debug|Any CPU
		Release|Any CPU = Release|Any CPU
	EndGlobalSection
	GlobalSection(ProjectConfigurationPlatforms) = postSolution
		{2A1CE06D-35EE-4B1F-B1E1-64D80B888061}.Debug|Any CPU.ActiveCfg = Debug|Any CPU
		{2A1CE06D-35EE-4B1F-B1E1-64D80B888061}.Debug|Any CPU.Build.0 = Debug|Any CPU
		{2A1CE06D-35EE-4B1F-B1E1-64D80B888061}.Release|Any CPU.ActiveCfg = Release|Any CPU
		{2A1CE06D-35EE-4B1F-B1E1-64D80B888061}.Release|Any CPU.Build.0 = Release|Any CPU
	EndGlobalSection
	GlobalSection(SolutionProperties) = preSolution
		HideSolutionNode = FALSE
	EndGlobalSection
	GlobalSection(ExtensibilityGlobals) = postSolution
		SolutionGuid = {78E66C70-84A6-434C-9B7A-B7E1616E5F8D}
	EndGlobalSection
EndGlobal
